
Microsoft Visual Studio Solution File, Format Version 12.00
# Visual Studio Express 2012 for Web
Project("{FAE04EC0-301F-11D3-BF4B-00C04F79EFBC}") = "IocContainer", "IocContainer\IocContainer.csproj", "{745E6967-DB70-4958-B044-493861648FF3}"
EndProject
Project("{FAE04EC0-301F-11D3-BF4B-00C04F79EFBC}") = "IocContainer.Tests", "IocContainer.Tests\IocContainer.Tests.csproj", "{2AA1047C-58A5-41D3-9CEB-2935E5FA0104}"
EndProject
Global
	GlobalSection(SolutionConfigurationPlatforms) = preSolution
		Debug|Any CPU = Debug|Any CPU
		Release|Any CPU = Release|Any CPU
	EndGlobalSection
	GlobalSection(ProjectConfigurationPlatforms) = postSolution
		{745E6967-DB70-4958-B044-493861648FF3}.Debug|Any CPU.ActiveCfg = Debug|Any CPU
		{745E6967-DB70-4958-B044-493861648FF3}.Debug|Any CPU.Build.0 = Debug|Any CPU
		{745E6967-DB70-4958-B044-493861648FF3}.Release|Any CPU.ActiveCfg = Release|Any CPU
		{745E6967-DB70-4958-B044-493861648FF3}.Release|Any CPU.Build.0 = Release|Any CPU
		{2AA1047C-58A5-41D3-9CEB-2935E5FA0104}.Debug|Any CPU.ActiveCfg = Debug|Any CPU
		{2AA1047C-58A5-41D3-9CEB-2935E5FA0104}.Debug|Any CPU.Build.0 = Debug|Any CPU
		{2AA1047C-58A5-41D3-9CEB-2935E5FA0104}.Release|Any CPU.ActiveCfg = Release|Any CPU
		{2AA1047C-58A5-41D3-9CEB-2935E5FA0104}.Release|Any CPU.Build.0 = Release|Any CPU
	EndGlobalSection
	GlobalSection(SolutionProperties) = preSolution
		HideSolutionNode = FALSE
	EndGlobalSection
EndGlobal
